// !$*UTF8*$!
{
	archiveVersion = 1;
	classes = {
	};
	objectVersion = 48;
	objects = {

/* Begin PBXBuildFile section */
		A10E43511FF321F7007C181E /* CardModel.swift in Sources */ = {isa = PBXBuildFile; fileRef = A10E43501FF321F7007C181E /* CardModel.swift */; };
		A10E43531FF32416007C181E /* Card.swift in Sources */ = {isa = PBXBuildFile; fileRef = A10E43521FF32416007C181E /* Card.swift */; };
		A10E43551FF326BC007C181E /* CardCollectionViewCell.swift in Sources */ = {isa = PBXBuildFile; fileRef = A10E43541FF326BC007C181E /* CardCollectionViewCell.swift */; };
		A183527F1FE9949300FD6CEB /* AppDelegate.swift in Sources */ = {isa = PBXBuildFile; fileRef = A183527E1FE9949300FD6CEB /* AppDelegate.swift */; };
		A18352811FE9949300FD6CEB /* ViewController.swift in Sources */ = {isa = PBXBuildFile; fileRef = A18352801FE9949300FD6CEB /* ViewController.swift */; };
		A18352841FE9949300FD6CEB /* Main.storyboard in Resources */ = {isa = PBXBuildFile; fileRef = A18352821FE9949300FD6CEB /* Main.storyboard */; };
		A18352861FE9949300FD6CEB /* Assets.xcassets in Resources */ = {isa = PBXBuildFile; fileRef = A18352851FE9949300FD6CEB /* Assets.xcassets */; };
		A18352891FE9949300FD6CEB /* LaunchScreen.storyboard in Resources */ = {isa = PBXBuildFile; fileRef = A18352871FE9949300FD6CEB /* LaunchScreen.storyboard */; };
/* End PBXBuildFile section */

/* Begin PBXFileReference section */
		A10E43501FF321F7007C181E /* CardModel.swift */ = {isa = PBXFileReference; lastKnownFileType = sourcecode.swift; path = CardModel.swift; sourceTree = "<group>"; };
		A10E43521FF32416007C181E /* Card.swift */ = {isa = PBXFileReference; lastKnownFileType = sourcecode.swift; path = Card.swift; sourceTree = "<group>"; };
		A10E43541FF326BC007C181E /* CardCollectionViewCell.swift */ = {isa = PBXFileReference; lastKnownFileType = sourcecode.swift; path = CardCollectionViewCell.swift; sourceTree = "<group>"; };
		A183527B1FE9949300FD6CEB /* Match App.app */ = {isa = PBXFileReference; explicitFileType = wrapper.application; includeInIndex = 0; path = "Match App.app"; sourceTree = BUILT_PRODUCTS_DIR; };
		A183527E1FE9949300FD6CEB /* AppDelegate.swift */ = {isa = PBXFileReference; lastKnownFileType = sourcecode.swift; path = AppDelegate.swift; sourceTree = "<group>"; };
		A18352801FE9949300FD6CEB /* ViewController.swift */ = {isa = PBXFileReference; lastKnownFileType = sourcecode.swift; path = ViewController.swift; sourceTree = "<group>"; };
		A18352831FE9949300FD6CEB /* Base */ = {isa = PBXFileReference; lastKnownFileType = file.storyboard; name = Base; path = Base.lproj/Main.storyboard; sourceTree = "<group>"; };
		A18352851FE9949300FD6CEB /* Assets.xcassets */ = {isa = PBXFileReference; lastKnownFileType = folder.assetcatalog; path = Assets.xcassets; sourceTree = "<group>"; };
		A18352881FE9949300FD6CEB /* Base */ = {isa = PBXFileReference; lastKnownFileType = file.storyboard; name = Base; path = Base.lproj/LaunchScreen.storyboard; sourceTree = "<group>"; };
		A183528A1FE9949300FD6CEB /* Info.plist */ = {isa = PBXFileReference; lastKnownFileType = text.plist.xml; path = Info.plist; sourceTree = "<group>"; };
/* End PBXFileReference section */

/* Begin PBXFrameworksBuildPhase section */
		A18352781FE9949300FD6CEB /* Frameworks */ = {
			isa = PBXFrameworksBuildPhase;
			buildActionMask = 2147483647;
			files = (
			);
			runOnlyForDeploymentPostprocessing = 0;
		};
/* End PBXFrameworksBuildPhase section */

/* Begin PBXGroup section */
		A18352721FE9949300FD6CEB = {
			isa = PBXGroup;
			children = (
				A183527D1FE9949300FD6CEB /* Match App */,
				A183527C1FE9949300FD6CEB /* Products */,
			);
			sourceTree = "<group>";
		};
		A183527C1FE9949300FD6CEB /* Products */ = {
			isa = PBXGroup;
			children = (
				A183527B1FE9949300FD6CEB /* Match App.app */,
			);
			name = Products;
			sourceTree = "<group>";
		};
		A183527D1FE9949300FD6CEB /* Match App */ = {
			isa = PBXGroup;
			children = (
				A183527E1FE9949300FD6CEB /* AppDelegate.swift */,
				A10E43541FF326BC007C181E /* CardCollectionViewCell.swift */,
				A10E43521FF32416007C181E /* Card.swift */,
				A10E43501FF321F7007C181E /* CardModel.swift */,
				A18352801FE9949300FD6CEB /* ViewController.swift */,
				A18352821FE9949300FD6CEB /* Main.storyboard */,
				A18352871FE9949300FD6CEB /* LaunchScreen.storyboard */,
				A18352851FE9949300FD6CEB /* Assets.xcassets */,
				A183528A1FE9949300FD6CEB /* Info.plist */,
			);
			path = "Match App";
			sourceTree = "<group>";
		};
/* End PBXGroup section */

/* Begin PBXNativeTarget section */
		A183527A1FE9949300FD6CEB /* Match App */ = {
			isa = PBXNativeTarget;
			buildConfigurationList = A183528D1FE9949300FD6CEB /* Build configuration list for PBXNativeTarget "Match App" */;
			buildPhases = (
				A18352771FE9949300FD6CEB /* Sources */,
				A18352781FE9949300FD6CEB /* Frameworks */,
				A18352791FE9949300FD6CEB /* Resources */,
			);
			buildRules = (
			);
			dependencies = (
			);
			name = "Match App";
			productName = "Match App";
			productReference = A183527B1FE9949300FD6CEB /* Match App.app */;
			productType = "com.apple.product-type.application";
		};
/* End PBXNativeTarget section */

/* Begin PBXProject section */
		A18352731FE9949300FD6CEB /* Project object */ = {
			isa = PBXProject;
			attributes = {
				LastSwiftUpdateCheck = 0920;
				LastUpgradeCheck = 0920;
				ORGANIZATIONNAME = "Emily Popovic";
				TargetAttributes = {
					A183527A1FE9949300FD6CEB = {
						CreatedOnToolsVersion = 9.2;
						ProvisioningStyle = Automatic;
					};
				};
			};
			buildConfigurationList = A18352761FE9949300FD6CEB /* Build configuration list for PBXProject "Match App" */;
			compatibilityVersion = "Xcode 8.0";
			developmentRegion = en;
			hasScannedForEncodings = 0;
			knownRegions = (
				en,
				Base,
			);
			mainGroup = A18352721FE9949300FD6CEB;
			productRefGroup = A183527C1FE9949300FD6CEB /* Products */;
			projectDirPath = "";
			projectRoot = "";
			targets = (
				A183527A1FE9949300FD6CEB /* Match App */,
			);
		};
/* End PBXProject section */

/* Begin PBXResourcesBuildPhase section */
		A18352791FE9949300FD6CEB /* Resources */ = {
			isa = PBXResourcesBuildPhase;
			buildActionMask = 2147483647;
			files = (
				A18352891FE9949300FD6CEB /* LaunchScreen.storyboard in Resources */,
				A18352861FE9949300FD6CEB /* Assets.xcassets in Resources */,
				A18352841FE9949300FD6CEB /* Main.storyboard in Resources */,
			);
			runOnlyForDeploymentPostprocessing = 0;
		};
/* End PBXResourcesBuildPhase section */

/* Begin PBXSourcesBuildPhase section */
		A18352771FE9949300FD6CEB /* Sources */ = {
			isa = PBXSourcesBuildPhase;
			buildActionMask = 2147483647;
			files = (
				A18352811FE9949300FD6CEB /* ViewController.swift in Sources */,
				A183527F1FE9949300FD6CEB /* AppDelegate.swift in Sources */,
				A10E43511FF321F7007C181E /* CardModel.swift in Sources */,
				A10E43551FF326BC007C181E /* CardCollectionViewCell.swift in Sources */,
				A10E43531FF32416007C181E /* Card.swift in Sources */,
			);
			runOnlyForDeploymentPostprocessing = 0;
		};
/* End PBXSourcesBuildPhase section */

/* Begin PBXVariantGroup section */
		A18352821FE9949300FD6CEB /* Main.storyboard */ = {
			isa = PBXVariantGroup;
			children = (
				A18352831FE9949300FD6CEB /* Base */,
			);
			name = Main.storyboard;
			sourceTree = "<group>";
		};
		A18352871FE9949300FD6CEB /* LaunchScreen.storyboard */ = {
			isa = PBXVariantGroup;
			children = (
				A18352881FE9949300FD6CEB /* Base */,
			);
			name = LaunchScreen.storyboard;
			sourceTree = "<group>";
		};
/* End PBXVariantGroup section */

/* Begin XCBuildConfiguration section */
		A183528B1FE9949300FD6CEB /* Debug */ = {
			isa = XCBuildConfiguration;
			buildSettings = {
				ALWAYS_SEARCH_USER_PATHS = NO;
				CLANG_ANALYZER_NONNULL = YES;
				CLANG_ANALYZER_NUMBER_OBJECT_CONVERSION = YES_AGGRESSIVE;
				CLANG_CXX_LANGUAGE_STANDARD = "gnu++14";
				CLANG_CXX_LIBRARY = "libc++";
				CLANG_ENABLE_MODULES = YES;
				CLANG_ENABLE_OBJC_ARC = YES;
				CLANG_WARN_BLOCK_CAPTURE_AUTORELEASING = YES;
				CLANG_WARN_BOOL_CONVERSION = YES;
				CLANG_WARN_COMMA = YES;
				CLANG_WARN_CONSTANT_CONVERSION = YES;
				CLANG_WARN_DIRECT_OBJC_ISA_USAGE = YES_ERROR;
				CLANG_WARN_DOCUMENTATION_COMMENTS = YES;
				CLANG_WARN_EMPTY_BODY = YES;
				CLANG_WARN_ENUM_CONVERSION = YES;
				CLANG_WARN_INFINITE_RECURSION = YES;
				CLANG_WARN_INT_CONVERSION = YES;
				CLANG_WARN_NON_LITERAL_NULL_CONVERSION = YES;
				CLANG_WARN_OBJC_LITERAL_CONVERSION = YES;
				CLANG_WARN_OBJC_ROOT_CLASS = YES_ERROR;
				CLANG_WARN_RANGE_LOOP_ANALYSIS = YES;
				CLANG_WARN_STRICT_PROTOTYPES = YES;
				CLANG_WARN_SUSPICIOUS_MOVE = YES;
				CLANG_WARN_UNGUARDED_AVAILABILITY = YES_AGGRESSIVE;
				CLANG_WARN_UNREACHABLE_CODE = YES;
				CLANG_WARN__DUPLICATE_METHOD_MATCH = YES;
				CODE_SIGN_IDENTITY = "iPhone Developer";
				COPY_PHASE_STRIP = NO;
				DEBUG_INFORMATION_FORMAT = dwarf;
				ENABLE_STRICT_OBJC_MSGSEND = YES;
				ENABLE_TESTABILITY = YES;
				GCC_C_LANGUAGE_STANDARD = gnu11;
				GCC_DYNAMIC_NO_PIC = NO;
				GCC_NO_COMMON_BLOCKS = YES;
				GCC_OPTIMIZATION_LEVEL = 0;
				GCC_PREPROCESSOR_DEFINITIONS = (
					"DEBUG=1",
					"$(inherited)",
				);
				GCC_WARN_64_TO_32_BIT_CONVERSION = YES;
				GCC_WARN_ABOUT_RETURN_TYPE = YES_ERROR;
				GCC_WARN_UNDECLARED_SELECTOR = YES;
				GCC_WARN_UNINITIALIZED_AUTOS = YES_AGGRESSIVE;
				GCC_WARN_UNUSED_FUNCTION = YES;
				GCC_WARN_UNUSED_VARIABLE = YES;
				IPHONEOS_DEPLOYMENT_TARGET = 11.2;
				MTL_ENABLE_DEBUG_INFO = YES;
				ONLY_ACTIVE_ARCH = YES;
				SDKROOT = iphoneos;
				SWIFT_ACTIVE_COMPILATION_CONDITIONS = DEBUG;
				SWIFT_OPTIMIZATION_LEVEL = "-Onone";
			};
			name = Debug;
		};
		A183528C1FE9949300FD6CEB /* Release */ = {
			isa = XCBuildConfiguration;
			buildSettings = {
				ALWAYS_SEARCH_USER_PATHS = NO;
				CLANG_ANALYZER_NONNULL = YES;
				CLANG_ANALYZER_NUMBER_OBJECT_CONVERSION = YES_AGGRESSIVE;
				CLANG_CXX_LANGUAGE_STANDARD = "gnu++14";
				CLANG_CXX_LIBRARY = "libc++";
				CLANG_ENABLE_MODULES = YES;
				CLANG_ENABLE_OBJC_ARC = YES;
				CLANG_WARN_BLOCK_CAPTURE_AUTORELEASING = YES;
				CLANG_WARN_BOOL_CONVERSION = YES;
				CLANG_WARN_COMMA = YES;
				CLANG_WARN_CONSTANT_CONVERSION = YES;
				CLANG_WARN_DIRECT_OBJC_ISA_USAGE = YES_ERROR;
				CLANG_WARN_DOCUMENTATION_COMMENTS = YES;
				CLANG_WARN_EMPTY_BODY = YES;
				CLANG_WARN_ENUM_CONVERSION = YES;
				CLANG_WARN_INFINITE_RECURSION = YES;
				CLANG_WARN_INT_CONVERSION = YES;
				CLANG_WARN_NON_LITERAL_NULL_CONVERSION = YES;
				CLANG_WARN_OBJC_LITERAL_CONVERSION = YES;
				CLANG_WARN_OBJC_ROOT_CLASS = YES_ERROR;
				CLANG_WARN_RANGE_LOOP_ANALYSIS = YES;
				CLANG_WARN_STRICT_PROTOTYPES = YES;
				CLANG_WARN_SUSPICIOUS_MOVE = YES;
				CLANG_WARN_UNGUARDED_AVAILABILITY = YES_AGGRESSIVE;
				CLANG_WARN_UNREACHABLE_CODE = YES;
				CLANG_WARN__DUPLICATE_METHOD_MATCH = YES;
				CODE_SIGN_IDENTITY = "iPhone Developer";
				COPY_PHASE_STRIP = NO;
				DEBUG_INFORMATION_FORMAT = "dwarf-with-dsym";
				ENABLE_NS_ASSERTIONS = NO;
				ENABLE_STRICT_OBJC_MSGSEND = YES;
				GCC_C_LANGUAGE_STANDARD = gnu11;
				GCC_NO_COMMON_BLOCKS = YES;
				GCC_WARN_64_TO_32_BIT_CONVERSION = YES;
				GCC_WARN_ABOUT_RETURN_TYPE = YES_ERROR;
				GCC_WARN_UNDECLARED_SELECTOR = YES;
				GCC_WARN_UNINITIALIZED_AUTOS = YES_AGGRESSIVE;
				GCC_WARN_UNUSED_FUNCTION = YES;
				GCC_WARN_UNUSED_VARIABLE = YES;
				IPHONEOS_DEPLOYMENT_TARGET = 11.2;
				MTL_ENABLE_DEBUG_INFO = NO;
				SDKROOT = iphoneos;
				SWIFT_OPTIMIZATION_LEVEL = "-Owholemodule";
				VALIDATE_PRODUCT = YES;
			};
			name = Release;
		};
		A183528E1FE9949300FD6CEB /* Debug */ = {
			isa = XCBuildConfiguration;
			buildSettings = {
				ASSETCATALOG_COMPILER_APPICON_NAME = AppIcon;
				CODE_SIGN_STYLE = Automatic;
				DEVELOPMENT_TEAM = L3JWMM46SK;
				INFOPLIST_FILE = "Match App/Info.plist";
				LD_RUNPATH_SEARCH_PATHS = "$(inherited) @executable_path/Frameworks";
				PRODUCT_BUNDLE_IDENTIFIER = "com.emilyanne.Match-App";
				PRODUCT_NAME = "$(TARGET_NAME)";
				SWIFT_VERSION = 4.0;
				TARGETED_DEVICE_FAMILY = "1,2";
			};
			name = Debug;
		};
		A183528F1FE9949300FD6CEB /* Release */ = {
			isa = XCBuildConfiguration;
			buildSettings = {
				ASSETCATALOG_COMPILER_APPICON_NAME = AppIcon;
				CODE_SIGN_STYLE = Automatic;
				DEVELOPMENT_TEAM = L3JWMM46SK;
				INFOPLIST_FILE = "Match App/Info.plist";
				LD_RUNPATH_SEARCH_PATHS = "$(inherited) @executable_path/Frameworks";
				PRODUCT_BUNDLE_IDENTIFIER = "com.emilyanne.Match-App";
				PRODUCT_NAME = "$(TARGET_NAME)";
				SWIFT_VERSION = 4.0;
				TARGETED_DEVICE_FAMILY = "1,2";
			};
			name = Release;
		};
/* End XCBuildConfiguration section */

/* Begin XCConfigurationList section */
		A18352761FE9949300FD6CEB /* Build configuration list for PBXProject "Match App" */ = {
			isa = XCConfigurationList;
			buildConfigurations = (
				A183528B1FE9949300FD6CEB /* Debug */,
				A183528C1FE9949300FD6CEB /* Release */,
			);
			defaultConfigurationIsVisible = 0;
			defaultConfigurationName = Release;
		};
		A183528D1FE9949300FD6CEB /* Build configuration list for PBXNativeTarget "Match App" */ = {
			isa = XCConfigurationList;
			buildConfigurations = (
				A183528E1FE9949300FD6CEB /* Debug */,
				A183528F1FE9949300FD6CEB /* Release */,
			);
			defaultConfigurationIsVisible = 0;
			defaultConfigurationName = Release;
		};
/* End XCConfigurationList section */
	};
	rootObject = A18352731FE9949300FD6CEB /* Project object */;
}
